
Microsoft Visual Studio Solution File, Format Version 12.00
# Visual Studio Version 16
VisualStudioVersion = 16.0.31515.178
MinimumVisualStudioVersion = 10.0.40219.1
Project("{9A19103F-16F7-4668-BE54-9A1E7A4F7556}") = "GardenApp", "GardenApp\GardenApp.csproj", "{66EF40D2-5DD9-4FC9-9174-B4871B940017}"
EndProject
Project("{FAE04EC0-301F-11D3-BF4B-00C04F79EFBC}") = "GardenApp.DataAccess", "GardenApp.DataAccess\GardenApp.DataAccess.csproj", "{599A68BC-2D89-42C0-84AB-841D551E4471}"
EndProject
Project("{FAE04EC0-301F-11D3-BF4B-00C04F79EFBC}") = "GardenApp.Models", "GardenApp.Models\GardenApp.Models.csproj", "{6B9FCF2A-2DC1-4F60-9705-BE5A2ADD04C6}"
EndProject
Project("{FAE04EC0-301F-11D3-BF4B-00C04F79EFBC}") = "GardenApp.Utility", "GardenApp.Utility\GardenApp.Utility.csproj", "{456253AF-BF99-4319-9A64-DD8726FD51A4}"
EndProject
Global
	GlobalSection(SolutionConfigurationPlatforms) = preSolution
		Debug|Any CPU = Debug|Any CPU
		Release|Any CPU = Release|Any CPU
	EndGlobalSection
	GlobalSection(ProjectConfigurationPlatforms) = postSolution
		{66EF40D2-5DD9-4FC9-9174-B4871B940017}.Debug|Any CPU.ActiveCfg = Debug|Any CPU
		{66EF40D2-5DD9-4FC9-9174-B4871B940017}.Debug|Any CPU.Build.0 = Debug|Any CPU
		{66EF40D2-5DD9-4FC9-9174-B4871B940017}.Release|Any CPU.ActiveCfg = Release|Any CPU
		{66EF40D2-5DD9-4FC9-9174-B4871B940017}.Release|Any CPU.Build.0 = Release|Any CPU
		{599A68BC-2D89-42C0-84AB-841D551E4471}.Debug|Any CPU.ActiveCfg = Debug|Any CPU
		{599A68BC-2D89-42C0-84AB-841D551E4471}.Debug|Any CPU.Build.0 = Debug|Any CPU
		{599A68BC-2D89-42C0-84AB-841D551E4471}.Release|Any CPU.ActiveCfg = Release|Any CPU
		{599A68BC-2D89-42C0-84AB-841D551E4471}.Release|Any CPU.Build.0 = Release|Any CPU
		{6B9FCF2A-2DC1-4F60-9705-BE5A2ADD04C6}.Debug|Any CPU.ActiveCfg = Debug|Any CPU
		{6B9FCF2A-2DC1-4F60-9705-BE5A2ADD04C6}.Debug|Any CPU.Build.0 = Debug|Any CPU
		{6B9FCF2A-2DC1-4F60-9705-BE5A2ADD04C6}.Release|Any CPU.ActiveCfg = Release|Any CPU
		{6B9FCF2A-2DC1-4F60-9705-BE5A2ADD04C6}.Release|Any CPU.Build.0 = Release|Any CPU
		{456253AF-BF99-4319-9A64-DD8726FD51A4}.Debug|Any CPU.ActiveCfg = Debug|Any CPU
		{456253AF-BF99-4319-9A64-DD8726FD51A4}.Debug|Any CPU.Build.0 = Debug|Any CPU
		{456253AF-BF99-4319-9A64-DD8726FD51A4}.Release|Any CPU.ActiveCfg = Release|Any CPU
		{456253AF-BF99-4319-9A64-DD8726FD51A4}.Release|Any CPU.Build.0 = Release|Any CPU
	EndGlobalSection
	GlobalSection(SolutionProperties) = preSolution
		HideSolutionNode = FALSE
	EndGlobalSection
	GlobalSection(ExtensibilityGlobals) = postSolution
		SolutionGuid = {0829C6D2-92C6-4891-8806-DA04459EB847}
	EndGlobalSection
EndGlobal
